// !$*UTF8*$!
{
	archiveVersion = 1;
	classes = {
	};
	objectVersion = 50;
	objects = {

/* Begin PBXBuildFile section */
		F3ABCD36256AA78C009C222D /* AppDelegate.swift in Sources */ = {isa = PBXBuildFile; fileRef = F3ABCD35256AA78C009C222D /* AppDelegate.swift */; };
		F3ABCD38256AA78C009C222D /* SceneDelegate.swift in Sources */ = {isa = PBXBuildFile; fileRef = F3ABCD37256AA78C009C222D /* SceneDelegate.swift */; };
		F3ABCD3A256AA78C009C222D /* ViewController.swift in Sources */ = {isa = PBXBuildFile; fileRef = F3ABCD39256AA78C009C222D /* ViewController.swift */; };
		F3ABCD3D256AA78C009C222D /* Main.storyboard in Resources */ = {isa = PBXBuildFile; fileRef = F3ABCD3B256AA78C009C222D /* Main.storyboard */; };
		F3ABCD3F256AA78F009C222D /* Assets.xcassets in Resources */ = {isa = PBXBuildFile; fileRef = F3ABCD3E256AA78F009C222D /* Assets.xcassets */; };
		F3ABCD42256AA78F009C222D /* LaunchScreen.storyboard in Resources */ = {isa = PBXBuildFile; fileRef = F3ABCD40256AA78F009C222D /* LaunchScreen.storyboard */; };
		F3ABCD60256AB253009C222D /* SF-Mono-Bold.otf in Resources */ = {isa = PBXBuildFile; fileRef = F3ABCD54256AB253009C222D /* SF-Mono-Bold.otf */; };
		F3ABCD61256AB253009C222D /* SF-Mono-Light.otf in Resources */ = {isa = PBXBuildFile; fileRef = F3ABCD55256AB253009C222D /* SF-Mono-Light.otf */; };
		F3ABCD62256AB253009C222D /* SF-Mono-Regular.otf in Resources */ = {isa = PBXBuildFile; fileRef = F3ABCD56256AB253009C222D /* SF-Mono-Regular.otf */; };
		F3ABCD63256AB253009C222D /* SF-Mono-Heavy.otf in Resources */ = {isa = PBXBuildFile; fileRef = F3ABCD57256AB253009C222D /* SF-Mono-Heavy.otf */; };
		F3ABCD64256AB253009C222D /* SF-Mono-BoldItalic.otf in Resources */ = {isa = PBXBuildFile; fileRef = F3ABCD58256AB253009C222D /* SF-Mono-BoldItalic.otf */; };
		F3ABCD65256AB253009C222D /* SF-Mono-MediumItalic.otf in Resources */ = {isa = PBXBuildFile; fileRef = F3ABCD59256AB253009C222D /* SF-Mono-MediumItalic.otf */; };
		F3ABCD66256AB253009C222D /* SF-Mono-RegularItalic.otf in Resources */ = {isa = PBXBuildFile; fileRef = F3ABCD5A256AB253009C222D /* SF-Mono-RegularItalic.otf */; };
		F3ABCD67256AB253009C222D /* SF-Mono-Semibold.otf in Resources */ = {isa = PBXBuildFile; fileRef = F3ABCD5B256AB253009C222D /* SF-Mono-Semibold.otf */; };
		F3ABCD68256AB253009C222D /* SF-Mono-SemiboldItalic.otf in Resources */ = {isa = PBXBuildFile; fileRef = F3ABCD5C256AB253009C222D /* SF-Mono-SemiboldItalic.otf */; };
		F3ABCD69256AB253009C222D /* SF-Mono-Medium.otf in Resources */ = {isa = PBXBuildFile; fileRef = F3ABCD5D256AB253009C222D /* SF-Mono-Medium.otf */; };
		F3ABCD6A256AB253009C222D /* SF-Mono-LightItalic.otf in Resources */ = {isa = PBXBuildFile; fileRef = F3ABCD5E256AB253009C222D /* SF-Mono-LightItalic.otf */; };
		F3ABCD6B256AB253009C222D /* SF-Mono-HeavyItalic.otf in Resources */ = {isa = PBXBuildFile; fileRef = F3ABCD5F256AB253009C222D /* SF-Mono-HeavyItalic.otf */; };
/* End PBXBuildFile section */

/* Begin PBXFileReference section */
		F3ABCD32256AA78C009C222D /* Locate.app */ = {isa = PBXFileReference; explicitFileType = wrapper.application; includeInIndex = 0; path = Locate.app; sourceTree = BUILT_PRODUCTS_DIR; };
		F3ABCD35256AA78C009C222D /* AppDelegate.swift */ = {isa = PBXFileReference; lastKnownFileType = sourcecode.swift; path = AppDelegate.swift; sourceTree = "<group>"; };
		F3ABCD37256AA78C009C222D /* SceneDelegate.swift */ = {isa = PBXFileReference; lastKnownFileType = sourcecode.swift; path = SceneDelegate.swift; sourceTree = "<group>"; };
		F3ABCD39256AA78C009C222D /* ViewController.swift */ = {isa = PBXFileReference; lastKnownFileType = sourcecode.swift; path = ViewController.swift; sourceTree = "<group>"; };
		F3ABCD3C256AA78C009C222D /* Base */ = {isa = PBXFileReference; lastKnownFileType = file.storyboard; name = Base; path = Base.lproj/Main.storyboard; sourceTree = "<group>"; };
		F3ABCD3E256AA78F009C222D /* Assets.xcassets */ = {isa = PBXFileReference; lastKnownFileType = folder.assetcatalog; path = Assets.xcassets; sourceTree = "<group>"; };
		F3ABCD41256AA78F009C222D /* Base */ = {isa = PBXFileReference; lastKnownFileType = file.storyboard; name = Base; path = Base.lproj/LaunchScreen.storyboard; sourceTree = "<group>"; };
		F3ABCD43256AA78F009C222D /* Info.plist */ = {isa = PBXFileReference; lastKnownFileType = text.plist.xml; path = Info.plist; sourceTree = "<group>"; };
		F3ABCD54256AB253009C222D /* SF-Mono-Bold.otf */ = {isa = PBXFileReference; lastKnownFileType = file; path = "SF-Mono-Bold.otf"; sourceTree = "<group>"; };
		F3ABCD55256AB253009C222D /* SF-Mono-Light.otf */ = {isa = PBXFileReference; lastKnownFileType = file; path = "SF-Mono-Light.otf"; sourceTree = "<group>"; };
		F3ABCD56256AB253009C222D /* SF-Mono-Regular.otf */ = {isa = PBXFileReference; lastKnownFileType = file; path = "SF-Mono-Regular.otf"; sourceTree = "<group>"; };
		F3ABCD57256AB253009C222D /* SF-Mono-Heavy.otf */ = {isa = PBXFileReference; lastKnownFileType = file; path = "SF-Mono-Heavy.otf"; sourceTree = "<group>"; };
		F3ABCD58256AB253009C222D /* SF-Mono-BoldItalic.otf */ = {isa = PBXFileReference; lastKnownFileType = file; path = "SF-Mono-BoldItalic.otf"; sourceTree = "<group>"; };
		F3ABCD59256AB253009C222D /* SF-Mono-MediumItalic.otf */ = {isa = PBXFileReference; lastKnownFileType = file; path = "SF-Mono-MediumItalic.otf"; sourceTree = "<group>"; };
		F3ABCD5A256AB253009C222D /* SF-Mono-RegularItalic.otf */ = {isa = PBXFileReference; lastKnownFileType = file; path = "SF-Mono-RegularItalic.otf"; sourceTree = "<group>"; };
		F3ABCD5B256AB253009C222D /* SF-Mono-Semibold.otf */ = {isa = PBXFileReference; lastKnownFileType = file; path = "SF-Mono-Semibold.otf"; sourceTree = "<group>"; };
		F3ABCD5C256AB253009C222D /* SF-Mono-SemiboldItalic.otf */ = {isa = PBXFileReference; lastKnownFileType = file; path = "SF-Mono-SemiboldItalic.otf"; sourceTree = "<group>"; };
		F3ABCD5D256AB253009C222D /* SF-Mono-Medium.otf */ = {isa = PBXFileReference; lastKnownFileType = file; path = "SF-Mono-Medium.otf"; sourceTree = "<group>"; };
		F3ABCD5E256AB253009C222D /* SF-Mono-LightItalic.otf */ = {isa = PBXFileReference; lastKnownFileType = file; path = "SF-Mono-LightItalic.otf"; sourceTree = "<group>"; };
		F3ABCD5F256AB253009C222D /* SF-Mono-HeavyItalic.otf */ = {isa = PBXFileReference; lastKnownFileType = file; path = "SF-Mono-HeavyItalic.otf"; sourceTree = "<group>"; };
/* End PBXFileReference section */

/* Begin PBXFrameworksBuildPhase section */
		F3ABCD2F256AA78C009C222D /* Frameworks */ = {
			isa = PBXFrameworksBuildPhase;
			buildActionMask = 2147483647;
			files = (
			);
			runOnlyForDeploymentPostprocessing = 0;
		};
/* End PBXFrameworksBuildPhase section */

/* Begin PBXGroup section */
		F3ABCD29256AA78C009C222D = {
			isa = PBXGroup;
			children = (
				F3ABCD34256AA78C009C222D /* Locate */,
				F3ABCD33256AA78C009C222D /* Products */,
			);
			sourceTree = "<group>";
		};
		F3ABCD33256AA78C009C222D /* Products */ = {
			isa = PBXGroup;
			children = (
				F3ABCD32256AA78C009C222D /* Locate.app */,
			);
			name = Products;
			sourceTree = "<group>";
		};
		F3ABCD34256AA78C009C222D /* Locate */ = {
			isa = PBXGroup;
			children = (
				F3ABCD4A256AB197009C222D /* Code */,
				F3ABCD4F256AB1E9009C222D /* Resources */,
				F3ABCD40256AA78F009C222D /* LaunchScreen.storyboard */,
				F3ABCD43256AA78F009C222D /* Info.plist */,
			);
			path = Locate;
			sourceTree = "<group>";
		};
		F3ABCD4A256AB197009C222D /* Code */ = {
			isa = PBXGroup;
			children = (
				F3ABCD4B256AB1A1009C222D /* Core Controllers */,
				F3ABCD4C256AB1B0009C222D /* Modules */,
			);
			path = Code;
			sourceTree = "<group>";
		};
		F3ABCD4B256AB1A1009C222D /* Core Controllers */ = {
			isa = PBXGroup;
			children = (
				F3ABCD35256AA78C009C222D /* AppDelegate.swift */,
				F3ABCD37256AA78C009C222D /* SceneDelegate.swift */,
			);
			path = "Core Controllers";
			sourceTree = "<group>";
		};
		F3ABCD4C256AB1B0009C222D /* Modules */ = {
			isa = PBXGroup;
			children = (
				F3ABCD4E256AB1D3009C222D /* Home */,
			);
			path = Modules;
			sourceTree = "<group>";
		};
		F3ABCD4E256AB1D3009C222D /* Home */ = {
			isa = PBXGroup;
			children = (
				F3ABCD39256AA78C009C222D /* ViewController.swift */,
				F3ABCD3B256AA78C009C222D /* Main.storyboard */,
			);
			path = Home;
			sourceTree = "<group>";
		};
		F3ABCD4F256AB1E9009C222D /* Resources */ = {
			isa = PBXGroup;
			children = (
				F3ABCD51256AB23B009C222D /* Fonts */,
				F3ABCD3E256AA78F009C222D /* Assets.xcassets */,
			);
			path = Resources;
			sourceTree = "<group>";
		};
		F3ABCD51256AB23B009C222D /* Fonts */ = {
			isa = PBXGroup;
			children = (
				F3ABCD53256AB253009C222D /* SF Mono */,
			);
			path = Fonts;
			sourceTree = "<group>";
		};
		F3ABCD53256AB253009C222D /* SF Mono */ = {
			isa = PBXGroup;
			children = (
				F3ABCD54256AB253009C222D /* SF-Mono-Bold.otf */,
				F3ABCD55256AB253009C222D /* SF-Mono-Light.otf */,
				F3ABCD56256AB253009C222D /* SF-Mono-Regular.otf */,
				F3ABCD57256AB253009C222D /* SF-Mono-Heavy.otf */,
				F3ABCD58256AB253009C222D /* SF-Mono-BoldItalic.otf */,
				F3ABCD59256AB253009C222D /* SF-Mono-MediumItalic.otf */,
				F3ABCD5A256AB253009C222D /* SF-Mono-RegularItalic.otf */,
				F3ABCD5B256AB253009C222D /* SF-Mono-Semibold.otf */,
				F3ABCD5C256AB253009C222D /* SF-Mono-SemiboldItalic.otf */,
				F3ABCD5D256AB253009C222D /* SF-Mono-Medium.otf */,
				F3ABCD5E256AB253009C222D /* SF-Mono-LightItalic.otf */,
				F3ABCD5F256AB253009C222D /* SF-Mono-HeavyItalic.otf */,
			);
			path = "SF Mono";
			sourceTree = "<group>";
		};
/* End PBXGroup section */

/* Begin PBXNativeTarget section */
		F3ABCD31256AA78C009C222D /* Locate */ = {
			isa = PBXNativeTarget;
			buildConfigurationList = F3ABCD46256AA78F009C222D /* Build configuration list for PBXNativeTarget "Locate" */;
			buildPhases = (
				F3ABCD2E256AA78C009C222D /* Sources */,
				F3ABCD2F256AA78C009C222D /* Frameworks */,
				F3ABCD30256AA78C009C222D /* Resources */,
			);
			buildRules = (
			);
			dependencies = (
			);
			name = Locate;
			productName = Locate;
			productReference = F3ABCD32256AA78C009C222D /* Locate.app */;
			productType = "com.apple.product-type.application";
		};
/* End PBXNativeTarget section */

/* Begin PBXProject section */
		F3ABCD2A256AA78C009C222D /* Project object */ = {
			isa = PBXProject;
			attributes = {
				LastSwiftUpdateCheck = 1220;
				LastUpgradeCheck = 1220;
				TargetAttributes = {
					F3ABCD31256AA78C009C222D = {
						CreatedOnToolsVersion = 12.2;
					};
				};
			};
			buildConfigurationList = F3ABCD2D256AA78C009C222D /* Build configuration list for PBXProject "Locate" */;
			compatibilityVersion = "Xcode 9.3";
			developmentRegion = en;
			hasScannedForEncodings = 0;
			knownRegions = (
				en,
				Base,
			);
			mainGroup = F3ABCD29256AA78C009C222D;
			productRefGroup = F3ABCD33256AA78C009C222D /* Products */;
			projectDirPath = "";
			projectRoot = "";
			targets = (
				F3ABCD31256AA78C009C222D /* Locate */,
			);
		};
/* End PBXProject section */

/* Begin PBXResourcesBuildPhase section */
		F3ABCD30256AA78C009C222D /* Resources */ = {
			isa = PBXResourcesBuildPhase;
			buildActionMask = 2147483647;
			files = (
				F3ABCD66256AB253009C222D /* SF-Mono-RegularItalic.otf in Resources */,
				F3ABCD67256AB253009C222D /* SF-Mono-Semibold.otf in Resources */,
				F3ABCD68256AB253009C222D /* SF-Mono-SemiboldItalic.otf in Resources */,
				F3ABCD64256AB253009C222D /* SF-Mono-BoldItalic.otf in Resources */,
				F3ABCD60256AB253009C222D /* SF-Mono-Bold.otf in Resources */,
				F3ABCD6B256AB253009C222D /* SF-Mono-HeavyItalic.otf in Resources */,
				F3ABCD69256AB253009C222D /* SF-Mono-Medium.otf in Resources */,
				F3ABCD42256AA78F009C222D /* LaunchScreen.storyboard in Resources */,
				F3ABCD3F256AA78F009C222D /* Assets.xcassets in Resources */,
				F3ABCD61256AB253009C222D /* SF-Mono-Light.otf in Resources */,
				F3ABCD62256AB253009C222D /* SF-Mono-Regular.otf in Resources */,
				F3ABCD6A256AB253009C222D /* SF-Mono-LightItalic.otf in Resources */,
				F3ABCD65256AB253009C222D /* SF-Mono-MediumItalic.otf in Resources */,
				F3ABCD3D256AA78C009C222D /* Main.storyboard in Resources */,
				F3ABCD63256AB253009C222D /* SF-Mono-Heavy.otf in Resources */,
			);
			runOnlyForDeploymentPostprocessing = 0;
		};
/* End PBXResourcesBuildPhase section */

/* Begin PBXSourcesBuildPhase section */
		F3ABCD2E256AA78C009C222D /* Sources */ = {
			isa = PBXSourcesBuildPhase;
			buildActionMask = 2147483647;
			files = (
				F3ABCD3A256AA78C009C222D /* ViewController.swift in Sources */,
				F3ABCD36256AA78C009C222D /* AppDelegate.swift in Sources */,
				F3ABCD38256AA78C009C222D /* SceneDelegate.swift in Sources */,
			);
			runOnlyForDeploymentPostprocessing = 0;
		};
/* End PBXSourcesBuildPhase section */

/* Begin PBXVariantGroup section */
		F3ABCD3B256AA78C009C222D /* Main.storyboard */ = {
			isa = PBXVariantGroup;
			children = (
				F3ABCD3C256AA78C009C222D /* Base */,
			);
			name = Main.storyboard;
			sourceTree = "<group>";
		};
		F3ABCD40256AA78F009C222D /* LaunchScreen.storyboard */ = {
			isa = PBXVariantGroup;
			children = (
				F3ABCD41256AA78F009C222D /* Base */,
			);
			name = LaunchScreen.storyboard;
			sourceTree = "<group>";
		};
/* End PBXVariantGroup section */

/* Begin XCBuildConfiguration section */
		F3ABCD44256AA78F009C222D /* Debug */ = {
			isa = XCBuildConfiguration;
			buildSettings = {
				ALWAYS_SEARCH_USER_PATHS = NO;
				CLANG_ANALYZER_NONNULL = YES;
				CLANG_ANALYZER_NUMBER_OBJECT_CONVERSION = YES_AGGRESSIVE;
				CLANG_CXX_LANGUAGE_STANDARD = "gnu++14";
				CLANG_CXX_LIBRARY = "libc++";
				CLANG_ENABLE_MODULES = YES;
				CLANG_ENABLE_OBJC_ARC = YES;
				CLANG_ENABLE_OBJC_WEAK = YES;
				CLANG_WARN_BLOCK_CAPTURE_AUTORELEASING = YES;
				CLANG_WARN_BOOL_CONVERSION = YES;
				CLANG_WARN_COMMA = YES;
				CLANG_WARN_CONSTANT_CONVERSION = YES;
				CLANG_WARN_DEPRECATED_OBJC_IMPLEMENTATIONS = YES;
				CLANG_WARN_DIRECT_OBJC_ISA_USAGE = YES_ERROR;
				CLANG_WARN_DOCUMENTATION_COMMENTS = YES;
				CLANG_WARN_EMPTY_BODY = YES;
				CLANG_WARN_ENUM_CONVERSION = YES;
				CLANG_WARN_INFINITE_RECURSION = YES;
				CLANG_WARN_INT_CONVERSION = YES;
				CLANG_WARN_NON_LITERAL_NULL_CONVERSION = YES;
				CLANG_WARN_OBJC_IMPLICIT_RETAIN_SELF = YES;
				CLANG_WARN_OBJC_LITERAL_CONVERSION = YES;
				CLANG_WARN_OBJC_ROOT_CLASS = YES_ERROR;
				CLANG_WARN_QUOTED_INCLUDE_IN_FRAMEWORK_HEADER = YES;
				CLANG_WARN_RANGE_LOOP_ANALYSIS = YES;
				CLANG_WARN_STRICT_PROTOTYPES = YES;
				CLANG_WARN_SUSPICIOUS_MOVE = YES;
				CLANG_WARN_UNGUARDED_AVAILABILITY = YES_AGGRESSIVE;
				CLANG_WARN_UNREACHABLE_CODE = YES;
				CLANG_WARN__DUPLICATE_METHOD_MATCH = YES;
				COPY_PHASE_STRIP = NO;
				DEBUG_INFORMATION_FORMAT = dwarf;
				ENABLE_STRICT_OBJC_MSGSEND = YES;
				ENABLE_TESTABILITY = YES;
				GCC_C_LANGUAGE_STANDARD = gnu11;
				GCC_DYNAMIC_NO_PIC = NO;
				GCC_NO_COMMON_BLOCKS = YES;
				GCC_OPTIMIZATION_LEVEL = 0;
				GCC_PREPROCESSOR_DEFINITIONS = (
					"DEBUG=1",
					"$(inherited)",
				);
				GCC_WARN_64_TO_32_BIT_CONVERSION = YES;
				GCC_WARN_ABOUT_RETURN_TYPE = YES_ERROR;
				GCC_WARN_UNDECLARED_SELECTOR = YES;
				GCC_WARN_UNINITIALIZED_AUTOS = YES_AGGRESSIVE;
				GCC_WARN_UNUSED_FUNCTION = YES;
				GCC_WARN_UNUSED_VARIABLE = YES;
				IPHONEOS_DEPLOYMENT_TARGET = 14.2;
				MTL_ENABLE_DEBUG_INFO = INCLUDE_SOURCE;
				MTL_FAST_MATH = YES;
				ONLY_ACTIVE_ARCH = YES;
				SDKROOT = iphoneos;
				SWIFT_ACTIVE_COMPILATION_CONDITIONS = DEBUG;
				SWIFT_OPTIMIZATION_LEVEL = "-Onone";
			};
			name = Debug;
		};
		F3ABCD45256AA78F009C222D /* Release */ = {
			isa = XCBuildConfiguration;
			buildSettings = {
				ALWAYS_SEARCH_USER_PATHS = NO;
				CLANG_ANALYZER_NONNULL = YES;
				CLANG_ANALYZER_NUMBER_OBJECT_CONVERSION = YES_AGGRESSIVE;
				CLANG_CXX_LANGUAGE_STANDARD = "gnu++14";
				CLANG_CXX_LIBRARY = "libc++";
				CLANG_ENABLE_MODULES = YES;
				CLANG_ENABLE_OBJC_ARC = YES;
				CLANG_ENABLE_OBJC_WEAK = YES;
				CLANG_WARN_BLOCK_CAPTURE_AUTORELEASING = YES;
				CLANG_WARN_BOOL_CONVERSION = YES;
				CLANG_WARN_COMMA = YES;
				CLANG_WARN_CONSTANT_CONVERSION = YES;
				CLANG_WARN_DEPRECATED_OBJC_IMPLEMENTATIONS = YES;
				CLANG_WARN_DIRECT_OBJC_ISA_USAGE = YES_ERROR;
				CLANG_WARN_DOCUMENTATION_COMMENTS = YES;
				CLANG_WARN_EMPTY_BODY = YES;
				CLANG_WARN_ENUM_CONVERSION = YES;
				CLANG_WARN_INFINITE_RECURSION = YES;
				CLANG_WARN_INT_CONVERSION = YES;
				CLANG_WARN_NON_LITERAL_NULL_CONVERSION = YES;
				CLANG_WARN_OBJC_IMPLICIT_RETAIN_SELF = YES;
				CLANG_WARN_OBJC_LITERAL_CONVERSION = YES;
				CLANG_WARN_OBJC_ROOT_CLASS = YES_ERROR;
				CLANG_WARN_QUOTED_INCLUDE_IN_FRAMEWORK_HEADER = YES;
				CLANG_WARN_RANGE_LOOP_ANALYSIS = YES;
				CLANG_WARN_STRICT_PROTOTYPES = YES;
				CLANG_WARN_SUSPICIOUS_MOVE = YES;
				CLANG_WARN_UNGUARDED_AVAILABILITY = YES_AGGRESSIVE;
				CLANG_WARN_UNREACHABLE_CODE = YES;
				CLANG_WARN__DUPLICATE_METHOD_MATCH = YES;
				COPY_PHASE_STRIP = NO;
				DEBUG_INFORMATION_FORMAT = "dwarf-with-dsym";
				ENABLE_NS_ASSERTIONS = NO;
				ENABLE_STRICT_OBJC_MSGSEND = YES;
				GCC_C_LANGUAGE_STANDARD = gnu11;
				GCC_NO_COMMON_BLOCKS = YES;
				GCC_WARN_64_TO_32_BIT_CONVERSION = YES;
				GCC_WARN_ABOUT_RETURN_TYPE = YES_ERROR;
				GCC_WARN_UNDECLARED_SELECTOR = YES;
				GCC_WARN_UNINITIALIZED_AUTOS = YES_AGGRESSIVE;
				GCC_WARN_UNUSED_FUNCTION = YES;
				GCC_WARN_UNUSED_VARIABLE = YES;
				IPHONEOS_DEPLOYMENT_TARGET = 14.2;
				MTL_ENABLE_DEBUG_INFO = NO;
				MTL_FAST_MATH = YES;
				SDKROOT = iphoneos;
				SWIFT_COMPILATION_MODE = wholemodule;
				SWIFT_OPTIMIZATION_LEVEL = "-O";
				VALIDATE_PRODUCT = YES;
			};
			name = Release;
		};
		F3ABCD47256AA78F009C222D /* Debug */ = {
			isa = XCBuildConfiguration;
			buildSettings = {
				ASSETCATALOG_COMPILER_APPICON_NAME = AppIcon;
				ASSETCATALOG_COMPILER_GLOBAL_ACCENT_COLOR_NAME = AccentColor;
				CODE_SIGN_STYLE = Automatic;
				DEVELOPMENT_TEAM = VXZ7XFH447;
				INFOPLIST_FILE = Locate/Info.plist;
				LD_RUNPATH_SEARCH_PATHS = (
					"$(inherited)",
					"@executable_path/Frameworks",
				);
				PRODUCT_BUNDLE_IDENTIFIER = "com.shubham-iosdev.Locate";
				PRODUCT_NAME = "$(TARGET_NAME)";
				SWIFT_VERSION = 5.0;
				TARGETED_DEVICE_FAMILY = "1,2";
			};
			name = Debug;
		};
		F3ABCD48256AA78F009C222D /* Release */ = {
			isa = XCBuildConfiguration;
			buildSettings = {
				ASSETCATALOG_COMPILER_APPICON_NAME = AppIcon;
				ASSETCATALOG_COMPILER_GLOBAL_ACCENT_COLOR_NAME = AccentColor;
				CODE_SIGN_STYLE = Automatic;
				DEVELOPMENT_TEAM = VXZ7XFH447;
				INFOPLIST_FILE = Locate/Info.plist;
				LD_RUNPATH_SEARCH_PATHS = (
					"$(inherited)",
					"@executable_path/Frameworks",
				);
				PRODUCT_BUNDLE_IDENTIFIER = "com.shubham-iosdev.Locate";
				PRODUCT_NAME = "$(TARGET_NAME)";
				SWIFT_VERSION = 5.0;
				TARGETED_DEVICE_FAMILY = "1,2";
			};
			name = Release;
		};
/* End XCBuildConfiguration section */

/* Begin XCConfigurationList section */
		F3ABCD2D256AA78C009C222D /* Build configuration list for PBXProject "Locate" */ = {
			isa = XCConfigurationList;
			buildConfigurations = (
				F3ABCD44256AA78F009C222D /* Debug */,
				F3ABCD45256AA78F009C222D /* Release */,
			);
			defaultConfigurationIsVisible = 0;
			defaultConfigurationName = Release;
		};
		F3ABCD46256AA78F009C222D /* Build configuration list for PBXNativeTarget "Locate" */ = {
			isa = XCConfigurationList;
			buildConfigurations = (
				F3ABCD47256AA78F009C222D /* Debug */,
				F3ABCD48256AA78F009C222D /* Release */,
			);
			defaultConfigurationIsVisible = 0;
			defaultConfigurationName = Release;
		};
/* End XCConfigurationList section */
	};
	rootObject = F3ABCD2A256AA78C009C222D /* Project object */;
}
